
Microsoft Visual Studio Solution File, Format Version 12.00
# Visual Studio Version 17
VisualStudioVersion = 17.2.32526.322
MinimumVisualStudioVersion = 10.0.40219.1
Project("{FAE04EC0-301F-11D3-BF4B-00C04F79EFBC}") = "BlogManager", "BlogManager\BlogManager.csproj", "{708A6B06-E647-435F-8D7D-15A26C3B49ED}"
EndProject
Global
	GlobalSection(SolutionConfigurationPlatforms) = preSolution
		Debug|Any CPU = Debug|Any CPU
		Release|Any CPU = Release|Any CPU
	EndGlobalSection
	GlobalSection(ProjectConfigurationPlatforms) = postSolution
		{708A6B06-E647-435F-8D7D-15A26C3B49ED}.Debug|Any CPU.ActiveCfg = Debug|Any CPU
		{708A6B06-E647-435F-8D7D-15A26C3B49ED}.Debug|Any CPU.Build.0 = Debug|Any CPU
		{708A6B06-E647-435F-8D7D-15A26C3B49ED}.Release|Any CPU.ActiveCfg = Release|Any CPU
		{708A6B06-E647-435F-8D7D-15A26C3B49ED}.Release|Any CPU.Build.0 = Release|Any CPU
	EndGlobalSection
	GlobalSection(SolutionProperties) = preSolution
		HideSolutionNode = FALSE
	EndGlobalSection
	GlobalSection(ExtensibilityGlobals) = postSolution
		SolutionGuid = {B68BFC40-73CA-4B13-A4A1-BF007CFF76BC}
	EndGlobalSection
EndGlobal
